
Microsoft Visual Studio Solution File, Format Version 12.00
# Visual Studio Version 17
VisualStudioVersion = 17.7.34024.191
MinimumVisualStudioVersion = 10.0.40219.1
Project("{FAE04EC0-301F-11D3-BF4B-00C04F79EFBC}") = "Trabajo", "Trabajo.csproj", "{755FF0A4-6C7A-4E12-9E07-8F976D9C3E8C}"
EndProject
Global
	GlobalSection(SolutionConfigurationPlatforms) = preSolution
		Debug|Any CPU = Debug|Any CPU
		Release|Any CPU = Release|Any CPU
	EndGlobalSection
	GlobalSection(ProjectConfigurationPlatforms) = postSolution
		{755FF0A4-6C7A-4E12-9E07-8F976D9C3E8C}.Debug|Any CPU.ActiveCfg = Debug|Any CPU
		{755FF0A4-6C7A-4E12-9E07-8F976D9C3E8C}.Debug|Any CPU.Build.0 = Debug|Any CPU
		{755FF0A4-6C7A-4E12-9E07-8F976D9C3E8C}.Release|Any CPU.ActiveCfg = Release|Any CPU
		{755FF0A4-6C7A-4E12-9E07-8F976D9C3E8C}.Release|Any CPU.Build.0 = Release|Any CPU
	EndGlobalSection
	GlobalSection(SolutionProperties) = preSolution
		HideSolutionNode = FALSE
	EndGlobalSection
	GlobalSection(ExtensibilityGlobals) = postSolution
		SolutionGuid = {C4FC1ED7-1E27-4939-93D1-12057BA9AA4F}
	EndGlobalSection
EndGlobal
